<Project xmlns="http://schemas.microsoft.com/developer/msbuild/2003">
    <PropertyGroup>
        <ProjectGuid>{180B82B2-68D9-455A-88D5-ED9A5F179B2C}</ProjectGuid>
        <ProjectVersion>18.2</ProjectVersion>
        <FrameworkType>None</FrameworkType>
        <Base>True</Base>
        <Config Condition="'$(Config)'==''">Debug</Config>
        <Platform Condition="'$(Platform)'==''">Win32</Platform>
        <TargetedPlatforms>3</TargetedPlatforms>
        <AppType>Console</AppType>
        <MainSource>Foundation4DelphiTests.dpr</MainSource>
    </PropertyGroup>
    <PropertyGroup Condition="'$(Config)'=='Base' or '$(Base)'!=''">
        <Base>true</Base>
    </PropertyGroup>
    <PropertyGroup Condition="('$(Platform)'=='Win32' and '$(Base)'=='true') or '$(Base_Win32)'!=''">
        <Base_Win32>true</Base_Win32>
        <CfgParent>Base</CfgParent>
        <Base>true</Base>
    </PropertyGroup>
    <PropertyGroup Condition="('$(Platform)'=='Win64' and '$(Base)'=='true') or '$(Base_Win64)'!=''">
        <Base_Win64>true</Base_Win64>
        <CfgParent>Base</CfgParent>
        <Base>true</Base>
    </PropertyGroup>
    <PropertyGroup Condition="'$(Config)'=='Debug' or '$(Cfg_1)'!=''">
        <Cfg_1>true</Cfg_1>
        <CfgParent>Base</CfgParent>
        <Base>true</Base>
    </PropertyGroup>
    <PropertyGroup Condition="('$(Platform)'=='Win32' and '$(Cfg_1)'=='true') or '$(Cfg_1_Win32)'!=''">
        <Cfg_1_Win32>true</Cfg_1_Win32>
        <CfgParent>Cfg_1</CfgParent>
        <Cfg_1>true</Cfg_1>
        <Base>true</Base>
    </PropertyGroup>
    <PropertyGroup Condition="('$(Platform)'=='Win64' and '$(Cfg_1)'=='true') or '$(Cfg_1_Win64)'!=''">
        <Cfg_1_Win64>true</Cfg_1_Win64>
        <CfgParent>Cfg_1</CfgParent>
        <Cfg_1>true</Cfg_1>
        <Base>true</Base>
    </PropertyGroup>
    <PropertyGroup Condition="'$(Config)'=='Release' or '$(Cfg_2)'!=''">
        <Cfg_2>true</Cfg_2>
        <CfgParent>Base</CfgParent>
        <Base>true</Base>
    </PropertyGroup>
    <PropertyGroup Condition="('$(Platform)'=='Win32' and '$(Cfg_2)'=='true') or '$(Cfg_2_Win32)'!=''">
        <Cfg_2_Win32>true</Cfg_2_Win32>
        <CfgParent>Cfg_2</CfgParent>
        <Cfg_2>true</Cfg_2>
        <Base>true</Base>
    </PropertyGroup>
    <PropertyGroup Condition="('$(Platform)'=='Win64' and '$(Cfg_2)'=='true') or '$(Cfg_2_Win64)'!=''">
        <Cfg_2_Win64>true</Cfg_2_Win64>
        <CfgParent>Cfg_2</CfgParent>
        <Cfg_2>true</Cfg_2>
        <Base>true</Base>
    </PropertyGroup>
    <PropertyGroup Condition="'$(Base)'!=''">
        <VerInfo_Locale>1046</VerInfo_Locale>
        <VerInfo_Keys>CompanyName=;FileDescription=$(MSBuildProjectName);FileVersion=1.0.0.0;InternalName=;LegalCopyright=;LegalTrademarks=;OriginalFilename=;ProgramID=com.embarcadero.$(MSBuildProjectName);ProductName=$(MSBuildProjectName);ProductVersion=1.0.0.0;Comments=</VerInfo_Keys>
        <DCC_UnitSearchPath>$(BDS)\Source\DUnit\src;$(DCC_UnitSearchPath)</DCC_UnitSearchPath>
        <DCC_Namespace>System;Xml;Data;Datasnap;Web;Soap;Vcl;Vcl.Imaging;Vcl.Touch;Vcl.Samples;Vcl.Shell;$(DCC_Namespace)</DCC_Namespace>
        <DCC_Define>_CONSOLE_TESTRUNNER;$(DCC_Define)</DCC_Define>
        <DCC_DcuOutput>..\Output\$(Platform)\$(Config)\dcu</DCC_DcuOutput>
        <DCC_ExeOutput>..\Output\$(Platform)\$(Config)</DCC_ExeOutput>
        <DCC_E>false</DCC_E>
        <DCC_N>false</DCC_N>
        <DCC_S>false</DCC_S>
        <DCC_F>false</DCC_F>
        <DCC_K>false</DCC_K>
        <SanitizedProjectName>Foundation4DelphiTests</SanitizedProjectName>
    </PropertyGroup>
    <PropertyGroup Condition="'$(Base_Win32)'!=''">
        <VerInfo_Locale>1033</VerInfo_Locale>
        <DCC_UsePackage>DBXSqliteDriver;OmniThreadLibraryRuntime;dxSkinBlueprintRS24;DBXDb2Driver;dxPSDBTeeChartRS24;dxSpreadSheetConditionalFormattingDialogsRS24;dxSpreadSheetRS24;vclFireDAC;rbADO1724;DragDropDR101B;tethering;dxSkinVisualStudio2013BlueRS24;dxPScxTLLnkRS24;dxBarExtItemsRS24;dxFireDACServerModeRS24;JvPluginSystem;dxSkinOffice2007BlackRS24;SysToolsDR;FireDACMSSQLDriver;ACBr_NFeDanfeFR;Intraweb;dxSkinXmas2008BlueRS24;dxSkinsdxBarPainterRS24;pckUserControl_RT;dxSkinOffice2010BlackRS24;dxGDIPlusRS24;dxPSdxDBTVLnkRS24;RSFMXCharts;FireDACDBXDriver;ACBr_NFSeDanfseFR;cxTreeListRS24;dxSkinDevExpressDarkStyleRS24;ACBr_SATExtratoRL;dxtrmdRS24;GMLib_D_Berlin10_1;rbCIDE1724;RESTBackendComponents;dxRibbonRS24;cxTreeListdxBarPopupMenuRS24;cxPivotGridChartRS24;CloudService;fsDB24;dxSkinSharpRS24;DataSnapClient;bindcompdbx;ACBr_TCP;rbRIDE1724;fsIBX24;dxSkinsdxRibbonPainterRS24;pckUCRestConn;ACBr_synapse;FireDACInfxDriver;FireDACMSAccDriver;vclimg;ACBr_SPEDImportar;emshosting;dxBarDBNavRS24;dxSkinDarkSideRS24;dxSkinOffice2013WhiteRS24;DBXOdbcDriver;NexusDB411db240;soaprtl;DbxCommonDriver;soapmidas;rtl;cxGridRS24;DBXSybaseASADriver;CodeSiteExpressPkg;dxSpellCheckerRS24;cxLibraryRS24;rbRAP1724;NexusDB411lg240;dxSkinCaramelRS24;appanalytics;dxSkinsCoreRS24;dxDBXServerModeRS24;fsTee24;dxSkinHighContrastRS24;dxMapControlRS24;rbBDE1724;dxSkinTheAsphaltWorldRS24;frxe24;TeeUI;cxEditorsRS24;JvDocking;JvPascalInterpreter;VclSmp;dxSkinSevenClassicRS24;FireDACODBCDriver;JclVcl;DataSnapProviderClient;JvControls;NexusDB411sq240;JvPrintPreview;ACBr_NFSe;dxdborRS24;GMLib_D_Berlin10_1_VCL;dxHttpIndyRequestRS24;DataSnapServerMidas;RESTComponents;GMLib_D_Berlin10_1_FMX;rbTCUI1724;SysToolsDBDR;JvGlobus;RSVML;dxSkinMetropolisRS24;dxSkinMoneyTwinsRS24;dxPScxPCProdRS24;DBXMSSQLDriver;JvMM;dclRBE1724;bindcompfmx;JvNet;unidacvcl240;dxSkinOffice2016ColorfulRS24;JvAppFrm;VirtualTreesDR;MessDialogs_Berlin_101;frxADO24;ACBr_TXTComum;emsedge;NexusDB411ll240;FireDACIBDriver;unidac240;dxSkinSpringTimeRS24;ACBr_CTeDacteFR;JvWizards;RSCommon;dbexpress;IndyCore;rbDIDE1724;rbRest1724;dxSkiniMaginaryRS24;JvPageComps;dxSkinOffice2007PinkRS24;dxSkinOffice2016DarkRS24;FireDACCommon;rbUSERDesign1724;DataSnapConnectors;ACBR_DeSTDA;AlphaDBDX10Berlin;dxSkinDevExpressStyleRS24;dac240;dxOfficeCoreRS24;dxSkinMetropolisDarkRS24;JvCmp;DBXMySQLDriver;dxPSRichEditControlLnkRS24;ACBr_Sintegra;dxPSdxPDFViewerLnkRS24;FireDACCommonDriver;ACBr_GNRE;RSChartsDB;inet;rbUSER1724;JvCustom;JvXPCtrls;dxThemeRS24;dxSkinOffice2007GreenRS24;madExcept_;madBasic_;dxPScxGridLnkRS24;FireDAC;tdsprovider240;FireDACSqliteDriver;ACBr_GNREGuiaRL;ibmonitor;FireDACASADriver;dxServerModeRS24;JvDlgs;JvRuntimeDesign;DataSnapServer;cxSchedulerRS24;vclwinx;frxIBX24;madDisAsm_;dxPSCoreRS24;pckMD5;frxTee24;CustomIPTransport;dxSkinGlassOceansRS24;dxPScxSchedulerLnkRS24;dxRibbonCustomizationFormRS24;dxSkinDarkRoomRS24;bindcomp;DBXInformixDriver;dxPDFViewerRS24;FixInsight_10_1;dxSkinsdxNavBarPainterRS24;dbxcds;ACBr_NFCeECFVirtual;adortl;pckUCADOConn;ACBr_BoletoFR;dxSkinVisualStudio2013DarkRS24;frxDB24;dsnapxml;dxSkinOffice2007SilverRS24;dxSkinLiquidSkyRS24;RSVclSVG;vquery240;dxPSdxGaugeControlLnkRS24;vclactnband;fs24;dxDockingRS24;FireDACADSDriver;rtcSDK;pckUserControl_DT;dxPSTeeChartRS24;vcltouch;ACBr_NFe;JvBands;vcldb;svn;JvJans;dxSkinscxSchedulerPainterRS24;ACBr_NFeDanfeESCPOS;dxADOServerModeRS24;JvDotNetCtrls;pgprovider240;frx24;vclib;frxDBX24;dxSkinLilianRS24;crcontrols240;rbRCL1724;dxNavBarRS24;vclx;VCLRESTComponents;rbFireDAC1724;cxExportRS24;dxSkinOffice2013LightGrayRS24;dxTabbedMDIRS24;vclie;GMLibEdit_D_Berlin10_1;bindengine;dxSkinVisualStudio2013LightRS24;ACBr_PAF;FireDACMySQLDriver;JvHMI;cxPivotGridOLAPRS24;ACBr_SATECFVirtual;pckUCDataConnector;dxSkinBlackRS24;rtcSDK_DBA;dxPSLnksRS24;ACBr_CTeDacteRL;dxSkinCoffeeRS24;ACBr_CTe;DBXSybaseASEDriver;IndyIPServer;dxCoreRS24;IndySystem;dxSkinOffice2013DarkGrayRS24;rbDB1724;dsnapcon;fmxFireDAC;Jcl;ACBr_SPED;ACBr_MDFe;NexusDB411se240;dclRBFireDAC1724;ACBr_BoletoRL;ACBr_LFD;FireDACTDataDriver;rbIDE1724;NexusDB411sd240;FMXTee;dxPScxExtCommonRS24;dxPSdxLCLnkRS24;dxPScxPivotGridLnkRS24;ACBr_NFSeDanfseRL;JvManagedThreads;xmlrtl;DataSnapNativeClient;JvTimeFramework;fmxobj;dxSkinMcSkinRS24;dxLayoutControlRS24;DbxClientDriver;dxSkinBlueRS24;JvSystem;JvStdCtrls;dxSkinStardustRS24;ACBr_Convenio115;IndyIPClient;bindcompvcl;dxPSdxMapControlLnkRS24;cxPageControlRS24;dxPsPrVwAdvRS24;cxSchedulerRibbonStyleEventEditorRS24;dxSkinPumpkinRS24;DataSnapIndy10ServerTransport;dxSkinscxPCPainterRS24;ACBr_Boleto;dxSpreadSheetReportDesignerRS24;dxPSPrVwRibbonRS24;ACBr_SEF2;FireDACMongoDBDriver;dxSkinSevenRS24;ACBr_MDFeDamdfeFR;dxmdsRS24;cxSchedulerGridRS24;rbDAD1724;pckFireDacConn;cxPivotGridRS24;DBXInterBaseDriver;ACBr_TEFD;pckUCDataSnapConn;dclRBADO1724;emsclientfiredac;DataSnapFireDAC;svnui;dxdbtrRS24;ACBr_MDFeDamdfeRL;DatasnapConnectorsFreePascal;dxWizardControlRS24;dxPSdxOCLnkRS24;dxBarExtDBItemsRS24;DBXOracleDriver;rbDBE1724;dxPSdxFCLnkRS24;inetdb;cxSchedulerTreeBrowserRS24;ACBr_Diversos;ACBr_GNREGuiaFR;FmxTeeUI;fmx;fmxdae;dxSkinValentineRS24;dxSkinLondonLiquidSkyRS24;dxSkinWhiteprintRS24;ACBr_Ponto;dxTileControlRS24;dxPSdxSpreadSheetLnkRS24;dsnap;DataSnapCommon;emsclient;fsADO24;RSCharting;cxDataRS24;JvDB;ACBr_PCNComum;RSVclCommon;pckUCDBXConn;soapserver;ACBr_SAT;JclDeveloperTools;dxBarRS24;FireDACOracleDriver;DBXFirebirdDriver;SelectiveDebugging;dxPScxCommonRS24;FireDACCommonODBC;IndyIPCommon;dxSkinVS2010RS24;vcl;ACBr_NFeDanfeRL;ACBr_SATExtratoESCPOS;dxSkinSharpPlusRS24;dxPSdxDBOCLnkRS24;FireDACDb2Driver;acntDX10Berlin_R;TeeDB;dxPScxVGridLnkRS24;JvCore;ACBr_Comum;JvCrypt;dxSkinOffice2010BlueRS24;FireDACPgDriver;ChromeTabs_R;ibxpress;Tee;NexusDB411pv240;dacvcl240;ibxbindings;dxSkinsdxDLPainterRS24;ACBr_OpenSSL;FireDACDSDriver;dxSkinOffice2007BlueRS24;ACBr_DFeComum;vcldsnap;SynEditDR;dxSkinSummer2008RS24;dxSkinFoggyRS24;ACBr_Serial;dxorgcRS24;RSFMXSVG;dxSkinOffice2010SilverRS24;frce;ACBr_BlocoX;dxRichEditControlRS24;dxSkinSilverRS24;rbTC1724;dxComnRS24;rbRTL1724;cxVerticalGridRS24;dxFlowChartRS24;dbrtl;inetdbxpress;IndyProtocols;dxGaugeControlRS24;JclContainers;NexusDB411sr240;ACBr_MTER;dclRBDBE1724;fmxase;$(DCC_UsePackage)</DCC_UsePackage>
        <DCC_Namespace>Winapi;System.Win;Data.Win;Datasnap.Win;Web.Win;Soap.Win;Xml.Win;Bde;$(DCC_Namespace)</DCC_Namespace>
        <VerInfo_Keys>CompanyName=;FileDescription=$(MSBuildProjectName);FileVersion=1.0.0.0;InternalName=;LegalCopyright=;LegalTrademarks=;OriginalFilename=;ProgramID=com.embarcadero.$(MSBuildProjectName);ProductName=$(MSBuildProjectName);ProductVersion=1.0.0.0;Comments=</VerInfo_Keys>
        <BT_BuildType>Debug</BT_BuildType>
    </PropertyGroup>
    <PropertyGroup Condition="'$(Base_Win64)'!=''">
        <Manifest_File>(None)</Manifest_File>
        <VerInfo_Locale>1033</VerInfo_Locale>
        <BT_BuildType>Debug</BT_BuildType>
        <DCC_Namespace>Winapi;System.Win;Data.Win;Datasnap.Win;Web.Win;Soap.Win;Xml.Win;$(DCC_Namespace)</DCC_Namespace>
        <DCC_UsePackage>DBXSqliteDriver;OmniThreadLibraryRuntime;dxSkinBlueprintRS24;DBXDb2Driver;dxPSDBTeeChartRS24;dxSpreadSheetConditionalFormattingDialogsRS24;dxSpreadSheetRS24;vclFireDAC;DragDropDR101B;tethering;dxSkinVisualStudio2013BlueRS24;dxPScxTLLnkRS24;dxBarExtItemsRS24;dxFireDACServerModeRS24;dxSkinOffice2007BlackRS24;SysToolsDR;FireDACMSSQLDriver;Intraweb;dxSkinXmas2008BlueRS24;dxSkinsdxBarPainterRS24;dxSkinOffice2010BlackRS24;dxGDIPlusRS24;dxPSdxDBTVLnkRS24;FireDACDBXDriver;cxTreeListRS24;dxSkinDevExpressDarkStyleRS24;dxtrmdRS24;RESTBackendComponents;dxRibbonRS24;cxTreeListdxBarPopupMenuRS24;cxPivotGridChartRS24;CloudService;dxSkinSharpRS24;DataSnapClient;bindcompdbx;dxSkinsdxRibbonPainterRS24;pckUCRestConn;FireDACInfxDriver;FireDACMSAccDriver;vclimg;emshosting;dxBarDBNavRS24;dxSkinDarkSideRS24;dxSkinOffice2013WhiteRS24;DBXOdbcDriver;NexusDB411db240;soaprtl;DbxCommonDriver;soapmidas;rtl;cxGridRS24;DBXSybaseASADriver;dxSpellCheckerRS24;cxLibraryRS24;NexusDB411lg240;dxSkinCaramelRS24;appanalytics;dxSkinsCoreRS24;dxDBXServerModeRS24;dxSkinHighContrastRS24;dxMapControlRS24;dxSkinTheAsphaltWorldRS24;TeeUI;cxEditorsRS24;VclSmp;dxSkinSevenClassicRS24;FireDACODBCDriver;DataSnapProviderClient;NexusDB411sq240;dxdborRS24;dxHttpIndyRequestRS24;DataSnapServerMidas;RESTComponents;SysToolsDBDR;dxSkinMetropolisRS24;dxSkinMoneyTwinsRS24;dxPScxPCProdRS24;DBXMSSQLDriver;bindcompfmx;unidacvcl240;dxSkinOffice2016ColorfulRS24;emsedge;NexusDB411ll240;FireDACIBDriver;unidac240;dxSkinSpringTimeRS24;dbexpress;IndyCore;dxSkiniMaginaryRS24;dxSkinOffice2007PinkRS24;dxSkinOffice2016DarkRS24;FireDACCommon;DataSnapConnectors;dxSkinDevExpressStyleRS24;dac240;dxOfficeCoreRS24;dxSkinMetropolisDarkRS24;DBXMySQLDriver;dxPSRichEditControlLnkRS24;dxPSdxPDFViewerLnkRS24;FireDACCommonDriver;inet;dxThemeRS24;dxSkinOffice2007GreenRS24;dxPScxGridLnkRS24;FireDAC;FireDACSqliteDriver;ibmonitor;FireDACASADriver;dxServerModeRS24;DataSnapServer;cxSchedulerRS24;vclwinx;dxPSCoreRS24;pckMD5;CustomIPTransport;dxSkinGlassOceansRS24;dxPScxSchedulerLnkRS24;dxRibbonCustomizationFormRS24;dxSkinDarkRoomRS24;bindcomp;DBXInformixDriver;dxPDFViewerRS24;dxSkinsdxNavBarPainterRS24;dbxcds;adortl;pckUCADOConn;dxSkinVisualStudio2013DarkRS24;dsnapxml;dxSkinOffice2007SilverRS24;dxSkinLiquidSkyRS24;vquery240;dxPSdxGaugeControlLnkRS24;vclactnband;dxDockingRS24;FireDACADSDriver;pckUserControl_DT;dxPSTeeChartRS24;vcltouch;vcldb;dxSkinscxSchedulerPainterRS24;dxADOServerModeRS24;pgprovider240;vclib;dxSkinLilianRS24;crcontrols240;dxNavBarRS24;vclx;VCLRESTComponents;cxExportRS24;dxSkinOffice2013LightGrayRS24;dxTabbedMDIRS24;vclie;bindengine;dxSkinVisualStudio2013LightRS24;FireDACMySQLDriver;cxPivotGridOLAPRS24;pckUCDataConnector;dxSkinBlackRS24;dxPSLnksRS24;dxSkinCoffeeRS24;DBXSybaseASEDriver;IndyIPServer;dxCoreRS24;IndySystem;dxSkinOffice2013DarkGrayRS24;dsnapcon;fmxFireDAC;NexusDB411se240;FireDACTDataDriver;NexusDB411sd240;FMXTee;dxPScxExtCommonRS24;dxPSdxLCLnkRS24;dxPScxPivotGridLnkRS24;xmlrtl;DataSnapNativeClient;fmxobj;dxSkinMcSkinRS24;dxLayoutControlRS24;DbxClientDriver;dxSkinBlueRS24;dxSkinStardustRS24;IndyIPClient;bindcompvcl;dxPSdxMapControlLnkRS24;cxPageControlRS24;dxPsPrVwAdvRS24;cxSchedulerRibbonStyleEventEditorRS24;dxSkinPumpkinRS24;DataSnapIndy10ServerTransport;dxSkinscxPCPainterRS24;dxSpreadSheetReportDesignerRS24;dxPSPrVwRibbonRS24;FireDACMongoDBDriver;dxSkinSevenRS24;dxmdsRS24;cxSchedulerGridRS24;pckFireDacConn;cxPivotGridRS24;DBXInterBaseDriver;pckUCDataSnapConn;emsclientfiredac;DataSnapFireDAC;dxdbtrRS24;DatasnapConnectorsFreePascal;dxWizardControlRS24;dxPSdxOCLnkRS24;dxBarExtDBItemsRS24;DBXOracleDriver;dxPSdxFCLnkRS24;inetdb;cxSchedulerTreeBrowserRS24;FmxTeeUI;fmx;fmxdae;dxSkinValentineRS24;dxSkinLondonLiquidSkyRS24;dxSkinWhiteprintRS24;dxTileControlRS24;dxPSdxSpreadSheetLnkRS24;dsnap;DataSnapCommon;emsclient;cxDataRS24;pckUCDBXConn;soapserver;dxBarRS24;FireDACOracleDriver;DBXFirebirdDriver;dxPScxCommonRS24;FireDACCommonODBC;IndyIPCommon;dxSkinVS2010RS24;vcl;dxSkinSharpPlusRS24;dxPSdxDBOCLnkRS24;FireDACDb2Driver;TeeDB;dxPScxVGridLnkRS24;dxSkinOffice2010BlueRS24;FireDACPgDriver;ChromeTabs_R;ibxpress;Tee;NexusDB411pv240;dacvcl240;ibxbindings;dxSkinsdxDLPainterRS24;FireDACDSDriver;dxSkinOffice2007BlueRS24;vcldsnap;dxSkinSummer2008RS24;dxSkinFoggyRS24;dxorgcRS24;dxSkinOffice2010SilverRS24;dxRichEditControlRS24;dxSkinSilverRS24;dxComnRS24;cxVerticalGridRS24;dxFlowChartRS24;dbrtl;inetdbxpress;IndyProtocols;dxGaugeControlRS24;NexusDB411sr240;fmxase;$(DCC_UsePackage)</DCC_UsePackage>
    </PropertyGroup>
    <PropertyGroup Condition="'$(Cfg_1)'!=''">
        <DCC_Define>DEBUG;$(DCC_Define)</DCC_Define>
        <DCC_Optimize>false</DCC_Optimize>
        <DCC_GenerateStackFrames>true</DCC_GenerateStackFrames>
        <DCC_DebugInfoInExe>true</DCC_DebugInfoInExe>
        <DCC_RemoteDebug>true</DCC_RemoteDebug>
    </PropertyGroup>
    <PropertyGroup Condition="'$(Cfg_1_Win32)'!=''">
        <Manifest_File>(None)</Manifest_File>
        <VerInfo_Locale>1033</VerInfo_Locale>
        <DCC_RemoteDebug>false</DCC_RemoteDebug>
    </PropertyGroup>
    <PropertyGroup Condition="'$(Cfg_1_Win64)'!=''">
        <VerInfo_Locale>1033</VerInfo_Locale>
        <DCC_DebugDCUs>true</DCC_DebugDCUs>
        <DCC_MapFile>3</DCC_MapFile>
    </PropertyGroup>
    <PropertyGroup Condition="'$(Cfg_2)'!=''">
        <DCC_LocalDebugSymbols>false</DCC_LocalDebugSymbols>
        <DCC_Define>RELEASE;$(DCC_Define)</DCC_Define>
        <DCC_SymbolReferenceInfo>0</DCC_SymbolReferenceInfo>
        <DCC_DebugInformation>0</DCC_DebugInformation>
    </PropertyGroup>
    <PropertyGroup Condition="'$(Cfg_2_Win32)'!=''">
        <Manifest_File>(None)</Manifest_File>
        <VerInfo_Locale>1033</VerInfo_Locale>
    </PropertyGroup>
    <PropertyGroup Condition="'$(Cfg_2_Win64)'!=''">
        <VerInfo_Locale>1033</VerInfo_Locale>
    </PropertyGroup>
    <ItemGroup>
        <DelphiCompile Include="$(MainSource)">
            <MainSource>MainSource</MainSource>
        </DelphiCompile>
        <DCCReference Include="Foundation.Pattern.Defer.Test.pas"/>
        <DCCReference Include="Foundation.Test.Mock.Classes.pas"/>
        <DCCReference Include="..\Sources\Foundation.Test.Utils.pas"/>
        <DCCReference Include="Foundation.Pattern.Defer.Test.Consts.pas"/>
        <DCCReference Include="..\Sources\Foundation.System.pas"/>
        <DCCReference Include="..\Sources\Foundation.Pattern.Defer.pas"/>
        <BuildConfiguration Include="Release">
            <Key>Cfg_2</Key>
            <CfgParent>Base</CfgParent>
        </BuildConfiguration>
        <BuildConfiguration Include="Base">
            <Key>Base</Key>
        </BuildConfiguration>
        <BuildConfiguration Include="Debug">
            <Key>Cfg_1</Key>
            <CfgParent>Base</CfgParent>
        </BuildConfiguration>
    </ItemGroup>
    <ProjectExtensions>
        <Borland.Personality>Delphi.Personality.12</Borland.Personality>
        <Borland.ProjectType>Application</Borland.ProjectType>
        <BorlandProject>
            <Delphi.Personality>
                <Source>
                    <Source Name="MainSource">Foundation4DelphiTests.dpr</Source>
                </Source>
            </Delphi.Personality>
            <Deployment Version="3">
                <DeployFile LocalName="$(BDS)\Redist\iossimulator\libPCRE.dylib" Class="DependencyModule">
                    <Platform Name="iOSSimulator">
                        <Overwrite>true</Overwrite>
                    </Platform>
                </DeployFile>
                <DeployFile LocalName="$(BDS)\Redist\iossimulator\libcgunwind.1.0.dylib" Class="DependencyModule">
                    <Platform Name="iOSSimulator">
                        <Overwrite>true</Overwrite>
                    </Platform>
                </DeployFile>
                <DeployFile LocalName="$(BDS)\Redist\osx32\libcgsqlite3.dylib" Class="DependencyModule">
                    <Platform Name="OSX32">
                        <Overwrite>true</Overwrite>
                    </Platform>
                </DeployFile>
                <DeployFile LocalName="$(BDS)\Redist\osx32\libcgunwind.1.0.dylib" Class="DependencyModule">
                    <Platform Name="OSX32">
                        <Overwrite>true</Overwrite>
                    </Platform>
                </DeployFile>
                <DeployFile LocalName="..\Output\Win32\Debug\Foundation4DelphiTests.exe" Configuration="Debug" Class="ProjectOutput">
                    <Platform Name="Win32">
                        <RemoteName>Foundation4DelphiTests.exe</RemoteName>
                        <Overwrite>true</Overwrite>
                    </Platform>
                </DeployFile>
                <DeployFile LocalName="..\Output\Win64\Debug\Foundation4DelphiTests.exe" Configuration="Debug" Class="ProjectOutput">
                    <Platform Name="Win64">
                        <RemoteName>Foundation4DelphiTests.exe</RemoteName>
                        <Overwrite>true</Overwrite>
                    </Platform>
                </DeployFile>
                <DeployClass Name="AdditionalDebugSymbols">
                    <Platform Name="Win32">
                        <RemoteDir>Contents\MacOS</RemoteDir>
                        <Operation>0</Operation>
                    </Platform>
                    <Platform Name="iOSSimulator">
                        <Operation>1</Operation>
                    </Platform>
                    <Platform Name="OSX32">
                        <RemoteDir>Contents\MacOS</RemoteDir>
                        <Operation>1</Operation>
                    </Platform>
                </DeployClass>
                <DeployClass Name="AndroidClassesDexFile">
                    <Platform Name="Android">
                        <RemoteDir>classes</RemoteDir>
                        <Operation>1</Operation>
                    </Platform>
                </DeployClass>
                <DeployClass Name="AndroidGDBServer">
                    <Platform Name="Android">
                        <RemoteDir>library\lib\armeabi-v7a</RemoteDir>
                        <Operation>1</Operation>
                    </Platform>
                </DeployClass>
                <DeployClass Name="AndroidLibnativeArmeabiFile">
                    <Platform Name="Android">
                        <RemoteDir>library\lib\armeabi</RemoteDir>
                        <Operation>1</Operation>
                    </Platform>
                </DeployClass>
                <DeployClass Name="AndroidLibnativeMipsFile">
                    <Platform Name="Android">
                        <RemoteDir>library\lib\mips</RemoteDir>
                        <Operation>1</Operation>
                    </Platform>
                </DeployClass>
                <DeployClass Name="AndroidServiceOutput">
                    <Platform Name="Android">
                        <RemoteDir>library\lib\armeabi-v7a</RemoteDir>
                        <Operation>1</Operation>
                    </Platform>
                </DeployClass>
                <DeployClass Name="AndroidSplashImageDef">
                    <Platform Name="Android">
                        <RemoteDir>res\drawable</RemoteDir>
                        <Operation>1</Operation>
                    </Platform>
                </DeployClass>
                <DeployClass Name="AndroidSplashStyles">
                    <Platform Name="Android">
                        <RemoteDir>res\values</RemoteDir>
                        <Operation>1</Operation>
                    </Platform>
                </DeployClass>
                <DeployClass Name="Android_DefaultAppIcon">
                    <Platform Name="Android">
                        <RemoteDir>res\drawable</RemoteDir>
                        <Operation>1</Operation>
                    </Platform>
                </DeployClass>
                <DeployClass Name="Android_LauncherIcon144">
                    <Platform Name="Android">
                        <RemoteDir>res\drawable-xxhdpi</RemoteDir>
                        <Operation>1</Operation>
                    </Platform>
                </DeployClass>
                <DeployClass Name="Android_LauncherIcon36">
                    <Platform Name="Android">
                        <RemoteDir>res\drawable-ldpi</RemoteDir>
                        <Operation>1</Operation>
                    </Platform>
                </DeployClass>
                <DeployClass Name="Android_LauncherIcon48">
                    <Platform Name="Android">
                        <RemoteDir>res\drawable-mdpi</RemoteDir>
                        <Operation>1</Operation>
                    </Platform>
                </DeployClass>
                <DeployClass Name="Android_LauncherIcon72">
                    <Platform Name="Android">
                        <RemoteDir>res\drawable-hdpi</RemoteDir>
                        <Operation>1</Operation>
                    </Platform>
                </DeployClass>
                <DeployClass Name="Android_LauncherIcon96">
                    <Platform Name="Android">
                        <RemoteDir>res\drawable-xhdpi</RemoteDir>
                        <Operation>1</Operation>
                    </Platform>
                </DeployClass>
                <DeployClass Name="Android_SplashImage426">
                    <Platform Name="Android">
                        <RemoteDir>res\drawable-small</RemoteDir>
                        <Operation>1</Operation>
                    </Platform>
                </DeployClass>
                <DeployClass Name="Android_SplashImage470">
                    <Platform Name="Android">
                        <RemoteDir>res\drawable-normal</RemoteDir>
                        <Operation>1</Operation>
                    </Platform>
                </DeployClass>
                <DeployClass Name="Android_SplashImage640">
                    <Platform Name="Android">
                        <RemoteDir>res\drawable-large</RemoteDir>
                        <Operation>1</Operation>
                    </Platform>
                </DeployClass>
                <DeployClass Name="Android_SplashImage960">
                    <Platform Name="Android">
                        <RemoteDir>res\drawable-xlarge</RemoteDir>
                        <Operation>1</Operation>
                    </Platform>
                </DeployClass>
                <DeployClass Name="DebugSymbols">
                    <Platform Name="Win32">
                        <Operation>0</Operation>
                    </Platform>
                    <Platform Name="iOSSimulator">
                        <Operation>1</Operation>
                    </Platform>
                    <Platform Name="OSX32">
                        <RemoteDir>Contents\MacOS</RemoteDir>
                        <Operation>1</Operation>
                    </Platform>
                </DeployClass>
                <DeployClass Name="DependencyFramework">
                    <Platform Name="Win32">
                        <Operation>0</Operation>
                    </Platform>
                    <Platform Name="OSX32">
                        <RemoteDir>Contents\MacOS</RemoteDir>
                        <Operation>1</Operation>
                        <Extensions>.framework</Extensions>
                    </Platform>
                </DeployClass>
                <DeployClass Name="DependencyModule">
                    <Platform Name="Win32">
                        <Operation>0</Operation>
                        <Extensions>.dll;.bpl</Extensions>
                    </Platform>
                    <Platform Name="iOSDevice64">
                        <Operation>1</Operation>
                        <Extensions>.dylib</Extensions>
                    </Platform>
                    <Platform Name="OSX32">
                        <RemoteDir>Contents\MacOS</RemoteDir>
                        <Operation>1</Operation>
                        <Extensions>.dylib</Extensions>
                    </Platform>
                    <Platform Name="iOSDevice32">
                        <Operation>1</Operation>
                        <Extensions>.dylib</Extensions>
                    </Platform>
                    <Platform Name="iOSSimulator">
                        <Operation>1</Operation>
                        <Extensions>.dylib</Extensions>
                    </Platform>
                </DeployClass>
                <DeployClass Required="true" Name="DependencyPackage">
                    <Platform Name="Win32">
                        <Operation>0</Operation>
                        <Extensions>.bpl</Extensions>
                    </Platform>
                    <Platform Name="iOSDevice64">
                        <Operation>1</Operation>
                        <Extensions>.dylib</Extensions>
                    </Platform>
                    <Platform Name="OSX32">
                        <RemoteDir>Contents\MacOS</RemoteDir>
                        <Operation>1</Operation>
                        <Extensions>.dylib</Extensions>
                    </Platform>
                    <Platform Name="iOSDevice32">
                        <Operation>1</Operation>
                        <Extensions>.dylib</Extensions>
                    </Platform>
                    <Platform Name="iOSSimulator">
                        <Operation>1</Operation>
                        <Extensions>.dylib</Extensions>
                    </Platform>
                </DeployClass>
                <DeployClass Name="File">
                    <Platform Name="Win32">
                        <Operation>0</Operation>
                    </Platform>
                    <Platform Name="iOSDevice64">
                        <Operation>0</Operation>
                    </Platform>
                    <Platform Name="OSX32">
                        <RemoteDir>Contents\Resources\StartUp\</RemoteDir>
                        <Operation>0</Operation>
                    </Platform>
                    <Platform Name="iOSDevice32">
                        <Operation>0</Operation>
                    </Platform>
                    <Platform Name="Android">
                        <Operation>0</Operation>
                    </Platform>
                    <Platform Name="iOSSimulator">
                        <Operation>0</Operation>
                    </Platform>
                </DeployClass>
                <DeployClass Name="ProjectAndroidManifest">
                    <Platform Name="Android">
                        <Operation>1</Operation>
                    </Platform>
                </DeployClass>
                <DeployClass Name="ProjectOSXEntitlements">
                    <Platform Name="OSX32">
                        <RemoteDir>..\</RemoteDir>
                        <Operation>1</Operation>
                    </Platform>
                </DeployClass>
                <DeployClass Name="ProjectOSXInfoPList">
                    <Platform Name="OSX32">
                        <RemoteDir>Contents</RemoteDir>
                        <Operation>1</Operation>
                    </Platform>
                </DeployClass>
                <DeployClass Name="ProjectOSXResource">
                    <Platform Name="OSX32">
                        <RemoteDir>Contents\Resources</RemoteDir>
                        <Operation>1</Operation>
                    </Platform>
                </DeployClass>
                <DeployClass Required="true" Name="ProjectOutput">
                    <Platform Name="iOSDevice64">
                        <Operation>1</Operation>
                    </Platform>
                    <Platform Name="iOSDevice32">
                        <Operation>1</Operation>
                    </Platform>
                    <Platform Name="Win32">
                        <Operation>0</Operation>
                    </Platform>
                    <Platform Name="Linux64">
                        <Operation>1</Operation>
                    </Platform>
                    <Platform Name="OSX32">
                        <RemoteDir>Contents\MacOS</RemoteDir>
                        <Operation>1</Operation>
                    </Platform>
                    <Platform Name="Android">
                        <RemoteDir>library\lib\armeabi-v7a</RemoteDir>
                        <Operation>1</Operation>
                    </Platform>
                    <Platform Name="iOSSimulator">
                        <Operation>1</Operation>
                    </Platform>
                </DeployClass>
                <DeployClass Name="ProjectUWPManifest">
                    <Platform Name="Win32">
                        <Operation>1</Operation>
                    </Platform>
                    <Platform Name="Win64">
                        <Operation>1</Operation>
                    </Platform>
                </DeployClass>
                <DeployClass Name="ProjectiOSDeviceDebug">
                    <Platform Name="iOSDevice64">
                        <RemoteDir>..\$(PROJECTNAME).app.dSYM\Contents\Resources\DWARF</RemoteDir>
                        <Operation>1</Operation>
                    </Platform>
                    <Platform Name="iOSDevice32">
                        <RemoteDir>..\$(PROJECTNAME).app.dSYM\Contents\Resources\DWARF</RemoteDir>
                        <Operation>1</Operation>
                    </Platform>
                </DeployClass>
                <DeployClass Name="ProjectiOSDeviceResourceRules">
                    <Platform Name="iOSDevice64">
                        <Operation>1</Operation>
                    </Platform>
                    <Platform Name="iOSDevice32">
                        <Operation>1</Operation>
                    </Platform>
                </DeployClass>
                <DeployClass Name="ProjectiOSEntitlements">
                    <Platform Name="iOSDevice64">
                        <RemoteDir>..\</RemoteDir>
                        <Operation>1</Operation>
                    </Platform>
                    <Platform Name="iOSDevice32">
                        <RemoteDir>..\</RemoteDir>
                        <Operation>1</Operation>
                    </Platform>
                </DeployClass>
                <DeployClass Name="ProjectiOSInfoPList">
                    <Platform Name="iOSSimulator">
                        <Operation>1</Operation>
                    </Platform>
                    <Platform Name="iOSDevice64">
                        <Operation>1</Operation>
                    </Platform>
                    <Platform Name="iOSDevice32">
                        <Operation>1</Operation>
                    </Platform>
                </DeployClass>
                <DeployClass Name="ProjectiOSResource">
                    <Platform Name="iOSSimulator">
                        <Operation>1</Operation>
                    </Platform>
                    <Platform Name="iOSDevice64">
                        <Operation>1</Operation>
                    </Platform>
                    <Platform Name="iOSDevice32">
                        <Operation>1</Operation>
                    </Platform>
                </DeployClass>
                <DeployClass Name="UWP_DelphiLogo150">
                    <Platform Name="Win32">
                        <RemoteDir>Assets</RemoteDir>
                        <Operation>1</Operation>
                    </Platform>
                    <Platform Name="Win64">
                        <RemoteDir>Assets</RemoteDir>
                        <Operation>1</Operation>
                    </Platform>
                </DeployClass>
                <DeployClass Name="UWP_DelphiLogo44">
                    <Platform Name="Win32">
                        <RemoteDir>Assets</RemoteDir>
                        <Operation>1</Operation>
                    </Platform>
                    <Platform Name="Win64">
                        <RemoteDir>Assets</RemoteDir>
                        <Operation>1</Operation>
                    </Platform>
                </DeployClass>
                <DeployClass Name="iPad_Launch1024">
                    <Platform Name="iOSSimulator">
                        <Operation>1</Operation>
                    </Platform>
                    <Platform Name="iOSDevice64">
                        <Operation>1</Operation>
                    </Platform>
                    <Platform Name="iOSDevice32">
                        <Operation>1</Operation>
                    </Platform>
                </DeployClass>
                <DeployClass Name="iPad_Launch1536">
                    <Platform Name="iOSSimulator">
                        <Operation>1</Operation>
                    </Platform>
                    <Platform Name="iOSDevice64">
                        <Operation>1</Operation>
                    </Platform>
                    <Platform Name="iOSDevice32">
                        <Operation>1</Operation>
                    </Platform>
                </DeployClass>
                <DeployClass Name="iPad_Launch2048">
                    <Platform Name="iOSSimulator">
                        <Operation>1</Operation>
                    </Platform>
                    <Platform Name="iOSDevice64">
                        <Operation>1</Operation>
                    </Platform>
                    <Platform Name="iOSDevice32">
                        <Operation>1</Operation>
                    </Platform>
                </DeployClass>
                <DeployClass Name="iPad_Launch768">
                    <Platform Name="iOSSimulator">
                        <Operation>1</Operation>
                    </Platform>
                    <Platform Name="iOSDevice64">
                        <Operation>1</Operation>
                    </Platform>
                    <Platform Name="iOSDevice32">
                        <Operation>1</Operation>
                    </Platform>
                </DeployClass>
                <DeployClass Name="iPhone_Launch320">
                    <Platform Name="iOSSimulator">
                        <Operation>1</Operation>
                    </Platform>
                    <Platform Name="iOSDevice64">
                        <Operation>1</Operation>
                    </Platform>
                    <Platform Name="iOSDevice32">
                        <Operation>1</Operation>
                    </Platform>
                </DeployClass>
                <DeployClass Name="iPhone_Launch640">
                    <Platform Name="iOSSimulator">
                        <Operation>1</Operation>
                    </Platform>
                    <Platform Name="iOSDevice64">
                        <Operation>1</Operation>
                    </Platform>
                    <Platform Name="iOSDevice32">
                        <Operation>1</Operation>
                    </Platform>
                </DeployClass>
                <DeployClass Name="iPhone_Launch640x1136">
                    <Platform Name="iOSSimulator">
                        <Operation>1</Operation>
                    </Platform>
                    <Platform Name="iOSDevice64">
                        <Operation>1</Operation>
                    </Platform>
                    <Platform Name="iOSDevice32">
                        <Operation>1</Operation>
                    </Platform>
                </DeployClass>
                <ProjectRoot Platform="Android" Name="$(PROJECTNAME)"/>
                <ProjectRoot Platform="Linux64" Name="$(PROJECTNAME)"/>
                <ProjectRoot Platform="OSX32" Name="$(PROJECTNAME).app"/>
                <ProjectRoot Platform="Win32" Name="$(PROJECTNAME)"/>
                <ProjectRoot Platform="Win64" Name="$(PROJECTNAME)"/>
                <ProjectRoot Platform="iOSDevice32" Name="$(PROJECTNAME).app"/>
                <ProjectRoot Platform="iOSDevice64" Name="$(PROJECTNAME).app"/>
                <ProjectRoot Platform="iOSSimulator" Name="$(PROJECTNAME).app"/>
            </Deployment>
            <Platforms>
                <Platform value="Win32">True</Platform>
                <Platform value="Win64">True</Platform>
            </Platforms>
            <UnitTesting>
                <TestFramework>DUnit / Delphi Win32</TestFramework>
                <TestRunner>GUI</TestRunner>
                <SourceProjectName>F:\Dev\Delphi\Vendor\foundation-f\Packages\DelphiBerlin\Foundation4Delphi.dproj</SourceProjectName>
                <TestProjectName/>
            </UnitTesting>
        </BorlandProject>
        <ProjectFileVersion>12</ProjectFileVersion>
    </ProjectExtensions>
    <Import Project="$(BDS)\Bin\CodeGear.Delphi.Targets" Condition="Exists('$(BDS)\Bin\CodeGear.Delphi.Targets')"/>
    <Import Project="$(APPDATA)\Embarcadero\$(BDSAPPDATABASEDIR)\$(PRODUCTVERSION)\UserTools.proj" Condition="Exists('$(APPDATA)\Embarcadero\$(BDSAPPDATABASEDIR)\$(PRODUCTVERSION)\UserTools.proj')"/>
    <Import Project="$(MSBuildProjectName).deployproj" Condition="Exists('$(MSBuildProjectName).deployproj')"/>
</Project>
